
Microsoft Visual Studio Solution File, Format Version 12.00
# Visual Studio Version 16
VisualStudioVersion = 16.0.32802.440
MinimumVisualStudioVersion = 10.0.40219.1
Project("{8BC9CEB8-8B4A-11D0-8D11-00A0C91BC942}") = "Vector", "Vector\Vector.vcxproj", "{208F03EB-EAD8-42F9-864B-FAB1B3E0E5A1}"
EndProject
Global
	GlobalSection(SolutionConfigurationPlatforms) = preSolution
		Debug|x64 = Debug|x64
		Debug|x86 = Debug|x86
		Release|x64 = Release|x64
		Release|x86 = Release|x86
	EndGlobalSection
	GlobalSection(ProjectConfigurationPlatforms) = postSolution
		{208F03EB-EAD8-42F9-864B-FAB1B3E0E5A1}.Debug|x64.ActiveCfg = Debug|x64
		{208F03EB-EAD8-42F9-864B-FAB1B3E0E5A1}.Debug|x64.Build.0 = Debug|x64
		{208F03EB-EAD8-42F9-864B-FAB1B3E0E5A1}.Debug|x86.ActiveCfg = Debug|Win32
		{208F03EB-EAD8-42F9-864B-FAB1B3E0E5A1}.Debug|x86.Build.0 = Debug|Win32
		{208F03EB-EAD8-42F9-864B-FAB1B3E0E5A1}.Release|x64.ActiveCfg = Release|x64
		{208F03EB-EAD8-42F9-864B-FAB1B3E0E5A1}.Release|x64.Build.0 = Release|x64
		{208F03EB-EAD8-42F9-864B-FAB1B3E0E5A1}.Release|x86.ActiveCfg = Release|Win32
		{208F03EB-EAD8-42F9-864B-FAB1B3E0E5A1}.Release|x86.Build.0 = Release|Win32
	EndGlobalSection
	GlobalSection(SolutionProperties) = preSolution
		HideSolutionNode = FALSE
	EndGlobalSection
	GlobalSection(ExtensibilityGlobals) = postSolution
		SolutionGuid = {EA72E431-2666-4C54-A36C-6F61859685F9}
	EndGlobalSection
EndGlobal
